// !$*UTF8*$!
{
	archiveVersion = 1;
	classes = {
	};
	objectVersion = 48;
	objects = {

/* Begin PBXBuildFile section */
		5209C1181F7D535C0011B8D8 /* UITextField+Extension.swift in Sources */ = {isa = PBXBuildFile; fileRef = 5209C1171F7D535C0011B8D8 /* UITextField+Extension.swift */; };
		5209C11A1F7D5F440011B8D8 /* RegistrationVC.storyboard in Resources */ = {isa = PBXBuildFile; fileRef = 5209C1191F7D5F440011B8D8 /* RegistrationVC.storyboard */; };
		5209C11C1F7D68FF0011B8D8 /* PasswordRepairVC.swift in Sources */ = {isa = PBXBuildFile; fileRef = 5209C11B1F7D68FF0011B8D8 /* PasswordRepairVC.swift */; };
		5209C11E1F7D690C0011B8D8 /* PasswordRepairVC.storyboard in Resources */ = {isa = PBXBuildFile; fileRef = 5209C11D1F7D690C0011B8D8 /* PasswordRepairVC.storyboard */; };
		5209C1201F7D75F70011B8D8 /* String+Extension.swift in Sources */ = {isa = PBXBuildFile; fileRef = 5209C11F1F7D75F70011B8D8 /* String+Extension.swift */; };
		52DB78EC1F7D47AC00DE44B5 /* OnboardPageVC.storyboard in Resources */ = {isa = PBXBuildFile; fileRef = 52F53F791F7D43380001BA17 /* OnboardPageVC.storyboard */; };
		52DB78ED1F7D47B000DE44B5 /* OnboardTemplateVC.storyboard in Resources */ = {isa = PBXBuildFile; fileRef = 52F53F7C1F7D43500001BA17 /* OnboardTemplateVC.storyboard */; };
		52DB78EF1F7D4A0300DE44B5 /* LogInVC.storyboard in Resources */ = {isa = PBXBuildFile; fileRef = 52DB78EE1F7D4A0300DE44B5 /* LogInVC.storyboard */; };
		52F3A4261F7ACE1300154DFF /* LogInVC.swift in Sources */ = {isa = PBXBuildFile; fileRef = 52F3A4251F7ACE1300154DFF /* LogInVC.swift */; };
		52F3A4281F7ACE5700154DFF /* RegistrationVC.swift in Sources */ = {isa = PBXBuildFile; fileRef = 52F3A4271F7ACE5700154DFF /* RegistrationVC.swift */; };
<<<<<<< HEAD
		52F53F7B1F7D43460001BA17 /* OnboardPageVC.swift in Sources */ = {isa = PBXBuildFile; fileRef = 52F53F7A1F7D43460001BA17 /* OnboardPageVC.swift */; };
		52F53F7E1F7D43580001BA17 /* OnboardTemplateVC.swift in Sources */ = {isa = PBXBuildFile; fileRef = 52F53F7D1F7D43580001BA17 /* OnboardTemplateVC.swift */; };
		52F53F801F7D436E0001BA17 /* UIColor+Extension.swift in Sources */ = {isa = PBXBuildFile; fileRef = 52F53F7F1F7D436D0001BA17 /* UIColor+Extension.swift */; };
=======
		803BC1421F7EB8590021FC3B /* UserModule+Sesion.swift in Sources */ = {isa = PBXBuildFile; fileRef = 803BC1411F7EB8590021FC3B /* UserModule+Sesion.swift */; };
		80D691281F7D570A0011EC9D /* ResponseError.swift in Sources */ = {isa = PBXBuildFile; fileRef = 80D691271F7D570A0011EC9D /* ResponseError.swift */; };
		80D6912A1F7D595F0011EC9D /* Response.swift in Sources */ = {isa = PBXBuildFile; fileRef = 80D691291F7D595F0011EC9D /* Response.swift */; };
		80D6912C1F7D5A730011EC9D /* DataTask.swift in Sources */ = {isa = PBXBuildFile; fileRef = 80D6912B1F7D5A730011EC9D /* DataTask.swift */; };
		80D6912E1F7D5BAA0011EC9D /* TaskPull.swift in Sources */ = {isa = PBXBuildFile; fileRef = 80D6912D1F7D5BAA0011EC9D /* TaskPull.swift */; };
>>>>>>> 1c0861956480693fc2ee0b370541243e35156ed5
		D264972D1F79448D004C19A9 /* AppDelegate.swift in Sources */ = {isa = PBXBuildFile; fileRef = D264972C1F79448D004C19A9 /* AppDelegate.swift */; };
		D264972F1F79448D004C19A9 /* ViewController.swift in Sources */ = {isa = PBXBuildFile; fileRef = D264972E1F79448D004C19A9 /* ViewController.swift */; };
		D26497321F79448D004C19A9 /* Main.storyboard in Resources */ = {isa = PBXBuildFile; fileRef = D26497301F79448D004C19A9 /* Main.storyboard */; };
		D26497351F79448D004C19A9 /* krugozor_visitorsApp.xcdatamodeld in Sources */ = {isa = PBXBuildFile; fileRef = D26497331F79448D004C19A9 /* krugozor_visitorsApp.xcdatamodeld */; };
		D26497371F79448D004C19A9 /* Assets.xcassets in Resources */ = {isa = PBXBuildFile; fileRef = D26497361F79448D004C19A9 /* Assets.xcassets */; };
		D264973A1F79448D004C19A9 /* LaunchScreen.storyboard in Resources */ = {isa = PBXBuildFile; fileRef = D26497381F79448D004C19A9 /* LaunchScreen.storyboard */; };
		D26497451F79448E004C19A9 /* krugozor_visitorsAppTests.swift in Sources */ = {isa = PBXBuildFile; fileRef = D26497441F79448E004C19A9 /* krugozor_visitorsAppTests.swift */; };
		D26497501F79448E004C19A9 /* krugozor_visitorsAppUITests.swift in Sources */ = {isa = PBXBuildFile; fileRef = D264974F1F79448E004C19A9 /* krugozor_visitorsAppUITests.swift */; };
		D294FC981F7BCCEF00828782 /* LandingVC.swift in Sources */ = {isa = PBXBuildFile; fileRef = D294FC971F7BCCEF00828782 /* LandingVC.swift */; };
		D294FC991F7BCCEF00828782 /* LandingVC.swift in Sources */ = {isa = PBXBuildFile; fileRef = D294FC971F7BCCEF00828782 /* LandingVC.swift */; };
		D294FC9A1F7BCCEF00828782 /* LandingVC.swift in Sources */ = {isa = PBXBuildFile; fileRef = D294FC971F7BCCEF00828782 /* LandingVC.swift */; };
/* End PBXBuildFile section */

/* Begin PBXContainerItemProxy section */
		D26497411F79448E004C19A9 /* PBXContainerItemProxy */ = {
			isa = PBXContainerItemProxy;
			containerPortal = D26497211F79448D004C19A9 /* Project object */;
			proxyType = 1;
			remoteGlobalIDString = D26497281F79448D004C19A9;
			remoteInfo = "krugozor-visitorsApp";
		};
		D264974C1F79448E004C19A9 /* PBXContainerItemProxy */ = {
			isa = PBXContainerItemProxy;
			containerPortal = D26497211F79448D004C19A9 /* Project object */;
			proxyType = 1;
			remoteGlobalIDString = D26497281F79448D004C19A9;
			remoteInfo = "krugozor-visitorsApp";
		};
/* End PBXContainerItemProxy section */

/* Begin PBXFileReference section */
		5209C1171F7D535C0011B8D8 /* UITextField+Extension.swift */ = {isa = PBXFileReference; lastKnownFileType = sourcecode.swift; path = "UITextField+Extension.swift"; sourceTree = "<group>"; };
		5209C1191F7D5F440011B8D8 /* RegistrationVC.storyboard */ = {isa = PBXFileReference; lastKnownFileType = file.storyboard; path = RegistrationVC.storyboard; sourceTree = "<group>"; };
		5209C11B1F7D68FF0011B8D8 /* PasswordRepairVC.swift */ = {isa = PBXFileReference; lastKnownFileType = sourcecode.swift; path = PasswordRepairVC.swift; sourceTree = "<group>"; };
		5209C11D1F7D690C0011B8D8 /* PasswordRepairVC.storyboard */ = {isa = PBXFileReference; lastKnownFileType = file.storyboard; path = PasswordRepairVC.storyboard; sourceTree = "<group>"; };
		5209C11F1F7D75F70011B8D8 /* String+Extension.swift */ = {isa = PBXFileReference; lastKnownFileType = sourcecode.swift; path = "String+Extension.swift"; sourceTree = "<group>"; };
		52DB78EE1F7D4A0300DE44B5 /* LogInVC.storyboard */ = {isa = PBXFileReference; lastKnownFileType = file.storyboard; path = LogInVC.storyboard; sourceTree = "<group>"; };
		52F3A4251F7ACE1300154DFF /* LogInVC.swift */ = {isa = PBXFileReference; fileEncoding = 4; lastKnownFileType = sourcecode.swift; path = LogInVC.swift; sourceTree = "<group>"; };
		52F3A4271F7ACE5700154DFF /* RegistrationVC.swift */ = {isa = PBXFileReference; fileEncoding = 4; lastKnownFileType = sourcecode.swift; path = RegistrationVC.swift; sourceTree = "<group>"; };
<<<<<<< HEAD
		52F53F791F7D43380001BA17 /* OnboardPageVC.storyboard */ = {isa = PBXFileReference; lastKnownFileType = file.storyboard; path = OnboardPageVC.storyboard; sourceTree = "<group>"; };
		52F53F7A1F7D43460001BA17 /* OnboardPageVC.swift */ = {isa = PBXFileReference; lastKnownFileType = sourcecode.swift; path = OnboardPageVC.swift; sourceTree = "<group>"; };
		52F53F7C1F7D43500001BA17 /* OnboardTemplateVC.storyboard */ = {isa = PBXFileReference; lastKnownFileType = file.storyboard; path = OnboardTemplateVC.storyboard; sourceTree = "<group>"; };
		52F53F7D1F7D43580001BA17 /* OnboardTemplateVC.swift */ = {isa = PBXFileReference; lastKnownFileType = sourcecode.swift; path = OnboardTemplateVC.swift; sourceTree = "<group>"; };
		52F53F7F1F7D436D0001BA17 /* UIColor+Extension.swift */ = {isa = PBXFileReference; lastKnownFileType = sourcecode.swift; path = "UIColor+Extension.swift"; sourceTree = "<group>"; };
=======
		803BC1411F7EB8590021FC3B /* UserModule+Sesion.swift */ = {isa = PBXFileReference; lastKnownFileType = sourcecode.swift; path = "UserModule+Sesion.swift"; sourceTree = "<group>"; };
>>>>>>> 1c0861956480693fc2ee0b370541243e35156ed5
		8059EBD91F7BE9C800159EFA /* NetworkConnection.swift */ = {isa = PBXFileReference; lastKnownFileType = sourcecode.swift; path = NetworkConnection.swift; sourceTree = "<group>"; };
		8059EBDA1F7BE9C800159EFA /* UserModule+CoreData.swift */ = {isa = PBXFileReference; lastKnownFileType = sourcecode.swift; path = "UserModule+CoreData.swift"; sourceTree = "<group>"; };
		8059EBDB1F7BE9C800159EFA /* UserModule.swift */ = {isa = PBXFileReference; lastKnownFileType = sourcecode.swift; path = UserModule.swift; sourceTree = "<group>"; };
		8059EBDC1F7BE9C800159EFA /* UserModule+Network.swift */ = {isa = PBXFileReference; lastKnownFileType = sourcecode.swift; path = "UserModule+Network.swift"; sourceTree = "<group>"; };
		8059EBDD1F7BE9E300159EFA /* UserDataStruct.swift */ = {isa = PBXFileReference; lastKnownFileType = sourcecode.swift; path = UserDataStruct.swift; sourceTree = "<group>"; };
		8059EBE01F7BEA1100159EFA /* UserData.swift */ = {isa = PBXFileReference; lastKnownFileType = sourcecode.swift; path = UserData.swift; sourceTree = "<group>"; };
		80D691271F7D570A0011EC9D /* ResponseError.swift */ = {isa = PBXFileReference; lastKnownFileType = sourcecode.swift; path = ResponseError.swift; sourceTree = "<group>"; };
		80D691291F7D595F0011EC9D /* Response.swift */ = {isa = PBXFileReference; lastKnownFileType = sourcecode.swift; path = Response.swift; sourceTree = "<group>"; };
		80D6912B1F7D5A730011EC9D /* DataTask.swift */ = {isa = PBXFileReference; lastKnownFileType = sourcecode.swift; path = DataTask.swift; sourceTree = "<group>"; };
		80D6912D1F7D5BAA0011EC9D /* TaskPull.swift */ = {isa = PBXFileReference; lastKnownFileType = sourcecode.swift; path = TaskPull.swift; sourceTree = "<group>"; };
		D26497291F79448D004C19A9 /* krugozor-visitorsApp.app */ = {isa = PBXFileReference; explicitFileType = wrapper.application; includeInIndex = 0; path = "krugozor-visitorsApp.app"; sourceTree = BUILT_PRODUCTS_DIR; };
		D264972C1F79448D004C19A9 /* AppDelegate.swift */ = {isa = PBXFileReference; lastKnownFileType = sourcecode.swift; path = AppDelegate.swift; sourceTree = "<group>"; };
		D264972E1F79448D004C19A9 /* ViewController.swift */ = {isa = PBXFileReference; lastKnownFileType = sourcecode.swift; path = ViewController.swift; sourceTree = "<group>"; };
		D26497311F79448D004C19A9 /* Base */ = {isa = PBXFileReference; lastKnownFileType = file.storyboard; name = Base; path = Base.lproj/Main.storyboard; sourceTree = "<group>"; };
		D26497341F79448D004C19A9 /* krugozor_visitorsApp.xcdatamodel */ = {isa = PBXFileReference; lastKnownFileType = wrapper.xcdatamodel; path = krugozor_visitorsApp.xcdatamodel; sourceTree = "<group>"; };
		D26497361F79448D004C19A9 /* Assets.xcassets */ = {isa = PBXFileReference; lastKnownFileType = folder.assetcatalog; path = Assets.xcassets; sourceTree = "<group>"; };
		D26497391F79448D004C19A9 /* Base */ = {isa = PBXFileReference; lastKnownFileType = file.storyboard; name = Base; path = Base.lproj/LaunchScreen.storyboard; sourceTree = "<group>"; };
		D264973B1F79448D004C19A9 /* Info.plist */ = {isa = PBXFileReference; lastKnownFileType = text.plist.xml; path = Info.plist; sourceTree = "<group>"; };
		D26497401F79448E004C19A9 /* krugozor-visitorsAppTests.xctest */ = {isa = PBXFileReference; explicitFileType = wrapper.cfbundle; includeInIndex = 0; path = "krugozor-visitorsAppTests.xctest"; sourceTree = BUILT_PRODUCTS_DIR; };
		D26497441F79448E004C19A9 /* krugozor_visitorsAppTests.swift */ = {isa = PBXFileReference; lastKnownFileType = sourcecode.swift; path = krugozor_visitorsAppTests.swift; sourceTree = "<group>"; };
		D26497461F79448E004C19A9 /* Info.plist */ = {isa = PBXFileReference; lastKnownFileType = text.plist.xml; path = Info.plist; sourceTree = "<group>"; };
		D264974B1F79448E004C19A9 /* krugozor-visitorsAppUITests.xctest */ = {isa = PBXFileReference; explicitFileType = wrapper.cfbundle; includeInIndex = 0; path = "krugozor-visitorsAppUITests.xctest"; sourceTree = BUILT_PRODUCTS_DIR; };
		D264974F1F79448E004C19A9 /* krugozor_visitorsAppUITests.swift */ = {isa = PBXFileReference; lastKnownFileType = sourcecode.swift; path = krugozor_visitorsAppUITests.swift; sourceTree = "<group>"; };
		D26497511F79448E004C19A9 /* Info.plist */ = {isa = PBXFileReference; lastKnownFileType = text.plist.xml; path = Info.plist; sourceTree = "<group>"; };
		D294FC971F7BCCEF00828782 /* LandingVC.swift */ = {isa = PBXFileReference; lastKnownFileType = sourcecode.swift; path = LandingVC.swift; sourceTree = "<group>"; };
/* End PBXFileReference section */

/* Begin PBXFrameworksBuildPhase section */
		D26497261F79448D004C19A9 /* Frameworks */ = {
			isa = PBXFrameworksBuildPhase;
			buildActionMask = 2147483647;
			files = (
			);
			runOnlyForDeploymentPostprocessing = 0;
		};
		D264973D1F79448E004C19A9 /* Frameworks */ = {
			isa = PBXFrameworksBuildPhase;
			buildActionMask = 2147483647;
			files = (
			);
			runOnlyForDeploymentPostprocessing = 0;
		};
		D26497481F79448E004C19A9 /* Frameworks */ = {
			isa = PBXFrameworksBuildPhase;
			buildActionMask = 2147483647;
			files = (
			);
			runOnlyForDeploymentPostprocessing = 0;
		};
/* End PBXFrameworksBuildPhase section */

/* Begin PBXGroup section */
		52F3A4241F7ACDC100154DFF /* Authorization */ = {
			isa = PBXGroup;
			children = (
				D294FC921F7BCC8500828782 /* Registration */,
			);
			name = Authorization;
			sourceTree = "<group>";
		};
		52F53F781F7D41CC0001BA17 /* Recovered References */ = {
			isa = PBXGroup;
			children = (
			);
			name = "Recovered References";
			sourceTree = "<group>";
		};
		8059EBD81F7BE9B600159EFA /* UserModule */ = {
			isa = PBXGroup;
			children = (
				8059EBD91F7BE9C800159EFA /* NetworkConnection.swift */,
				8059EBDB1F7BE9C800159EFA /* UserModule.swift */,
				803BC1411F7EB8590021FC3B /* UserModule+Sesion.swift */,
				8059EBDA1F7BE9C800159EFA /* UserModule+CoreData.swift */,
				8059EBDC1F7BE9C800159EFA /* UserModule+Network.swift */,
			);
			name = UserModule;
			sourceTree = "<group>";
		};
		8059EBDE1F7BE9F400159EFA /* CoreData */ = {
			isa = PBXGroup;
			children = (
				D26497331F79448D004C19A9 /* krugozor_visitorsApp.xcdatamodeld */,
				8059EBDF1F7BEA0700159EFA /* UserData */,
			);
			name = CoreData;
			sourceTree = "<group>";
		};
		8059EBDF1F7BEA0700159EFA /* UserData */ = {
			isa = PBXGroup;
			children = (
				8059EBE01F7BEA1100159EFA /* UserData.swift */,
			);
			name = UserData;
			sourceTree = "<group>";
		};
		80D691261F7D569F0011EC9D /* SessionManager */ = {
			isa = PBXGroup;
			children = (
				80D691271F7D570A0011EC9D /* ResponseError.swift */,
				80D691291F7D595F0011EC9D /* Response.swift */,
				80D6912B1F7D5A730011EC9D /* DataTask.swift */,
				80D6912D1F7D5BAA0011EC9D /* TaskPull.swift */,
			);
			name = SessionManager;
			sourceTree = "<group>";
		};
		D26497201F79448D004C19A9 = {
			isa = PBXGroup;
			children = (
				D264972B1F79448D004C19A9 /* krugozor-visitorsApp */,
				D26497431F79448E004C19A9 /* krugozor-visitorsAppTests */,
				D264974E1F79448E004C19A9 /* krugozor-visitorsAppUITests */,
				D264972A1F79448D004C19A9 /* Products */,
				52F53F781F7D41CC0001BA17 /* Recovered References */,
			);
			sourceTree = "<group>";
		};
		D264972A1F79448D004C19A9 /* Products */ = {
			isa = PBXGroup;
			children = (
				D26497291F79448D004C19A9 /* krugozor-visitorsApp.app */,
				D26497401F79448E004C19A9 /* krugozor-visitorsAppTests.xctest */,
				D264974B1F79448E004C19A9 /* krugozor-visitorsAppUITests.xctest */,
			);
			name = Products;
			sourceTree = "<group>";
		};
		D264972B1F79448D004C19A9 /* krugozor-visitorsApp */ = {
			isa = PBXGroup;
			children = (
				D264972E1F79448D004C19A9 /* ViewController.swift */,
				D294FC911F7BCC6700828782 /* Modules */,
				D294FC9C1F7BCDE900828782 /* Layers */,
				D294FC8F1F7BCC2F00828782 /* Supporting Files */,
				8059EBDE1F7BE9F400159EFA /* CoreData */,
			);
			path = "krugozor-visitorsApp";
			sourceTree = "<group>";
		};
		D26497431F79448E004C19A9 /* krugozor-visitorsAppTests */ = {
			isa = PBXGroup;
			children = (
				D26497441F79448E004C19A9 /* krugozor_visitorsAppTests.swift */,
				D26497461F79448E004C19A9 /* Info.plist */,
			);
			path = "krugozor-visitorsAppTests";
			sourceTree = "<group>";
		};
		D264974E1F79448E004C19A9 /* krugozor-visitorsAppUITests */ = {
			isa = PBXGroup;
			children = (
				D264974F1F79448E004C19A9 /* krugozor_visitorsAppUITests.swift */,
				D26497511F79448E004C19A9 /* Info.plist */,
			);
			path = "krugozor-visitorsAppUITests";
			sourceTree = "<group>";
		};
		D294FC8F1F7BCC2F00828782 /* Supporting Files */ = {
			isa = PBXGroup;
			children = (
				D264972C1F79448D004C19A9 /* AppDelegate.swift */,
				D26497301F79448D004C19A9 /* Main.storyboard */,
				D26497381F79448D004C19A9 /* LaunchScreen.storyboard */,
				D26497361F79448D004C19A9 /* Assets.xcassets */,
				D264973B1F79448D004C19A9 /* Info.plist */,
			);
			name = "Supporting Files";
			sourceTree = "<group>";
		};
		D294FC901F7BCC5B00828782 /* Landing  */ = {
			isa = PBXGroup;
			children = (
				D294FC971F7BCCEF00828782 /* LandingVC.swift */,
			);
			name = "Landing ";
			sourceTree = "<group>";
		};
		D294FC911F7BCC6700828782 /* Modules */ = {
			isa = PBXGroup;
			children = (
				80D691261F7D569F0011EC9D /* SessionManager */,
				8059EBD81F7BE9B600159EFA /* UserModule */,
				D294FC901F7BCC5B00828782 /* Landing  */,
				52F3A4241F7ACDC100154DFF /* Authorization */,
			);
			name = Modules;
			sourceTree = "<group>";
		};
		D294FC921F7BCC8500828782 /* Registration */ = {
			isa = PBXGroup;
			children = (
				52F53F7A1F7D43460001BA17 /* OnboardPageVC.swift */,
				52F53F791F7D43380001BA17 /* OnboardPageVC.storyboard */,
				52F53F7D1F7D43580001BA17 /* OnboardTemplateVC.swift */,
				52F53F7C1F7D43500001BA17 /* OnboardTemplateVC.storyboard */,
				52F3A4251F7ACE1300154DFF /* LogInVC.swift */,
				52DB78EE1F7D4A0300DE44B5 /* LogInVC.storyboard */,
				52F3A4271F7ACE5700154DFF /* RegistrationVC.swift */,
				5209C1191F7D5F440011B8D8 /* RegistrationVC.storyboard */,
				5209C11B1F7D68FF0011B8D8 /* PasswordRepairVC.swift */,
				5209C11D1F7D690C0011B8D8 /* PasswordRepairVC.storyboard */,
				52F53F7F1F7D436D0001BA17 /* UIColor+Extension.swift */,
				5209C1171F7D535C0011B8D8 /* UITextField+Extension.swift */,
				5209C11F1F7D75F70011B8D8 /* String+Extension.swift */,
			);
			name = Registration;
			sourceTree = "<group>";
		};
		D294FC9C1F7BCDE900828782 /* Layers */ = {
			isa = PBXGroup;
			children = (
				D294FC9D1F7BCDFB00828782 /* API */,
				D294FC9F1F7BCE1D00828782 /* Data Base */,
			);
			name = Layers;
			sourceTree = "<group>";
		};
		D294FC9D1F7BCDFB00828782 /* API */ = {
			isa = PBXGroup;
			children = (
			);
			name = API;
			sourceTree = "<group>";
		};
		D294FC9F1F7BCE1D00828782 /* Data Base */ = {
			isa = PBXGroup;
			children = (
				8059EBDD1F7BE9E300159EFA /* UserDataStruct.swift */,
			);
			name = "Data Base";
			sourceTree = "<group>";
		};
/* End PBXGroup section */

/* Begin PBXNativeTarget section */
		D26497281F79448D004C19A9 /* krugozor-visitorsApp */ = {
			isa = PBXNativeTarget;
			buildConfigurationList = D26497541F79448E004C19A9 /* Build configuration list for PBXNativeTarget "krugozor-visitorsApp" */;
			buildPhases = (
				D26497251F79448D004C19A9 /* Sources */,
				D26497261F79448D004C19A9 /* Frameworks */,
				D26497271F79448D004C19A9 /* Resources */,
				D264975D1F7944C4004C19A9 /* Build Version Up */,
			);
			buildRules = (
			);
			dependencies = (
			);
			name = "krugozor-visitorsApp";
			productName = "krugozor-visitorsApp";
			productReference = D26497291F79448D004C19A9 /* krugozor-visitorsApp.app */;
			productType = "com.apple.product-type.application";
		};
		D264973F1F79448E004C19A9 /* krugozor-visitorsAppTests */ = {
			isa = PBXNativeTarget;
			buildConfigurationList = D26497571F79448E004C19A9 /* Build configuration list for PBXNativeTarget "krugozor-visitorsAppTests" */;
			buildPhases = (
				D264973C1F79448E004C19A9 /* Sources */,
				D264973D1F79448E004C19A9 /* Frameworks */,
				D264973E1F79448E004C19A9 /* Resources */,
			);
			buildRules = (
			);
			dependencies = (
				D26497421F79448E004C19A9 /* PBXTargetDependency */,
			);
			name = "krugozor-visitorsAppTests";
			productName = "krugozor-visitorsAppTests";
			productReference = D26497401F79448E004C19A9 /* krugozor-visitorsAppTests.xctest */;
			productType = "com.apple.product-type.bundle.unit-test";
		};
		D264974A1F79448E004C19A9 /* krugozor-visitorsAppUITests */ = {
			isa = PBXNativeTarget;
			buildConfigurationList = D264975A1F79448E004C19A9 /* Build configuration list for PBXNativeTarget "krugozor-visitorsAppUITests" */;
			buildPhases = (
				D26497471F79448E004C19A9 /* Sources */,
				D26497481F79448E004C19A9 /* Frameworks */,
				D26497491F79448E004C19A9 /* Resources */,
			);
			buildRules = (
			);
			dependencies = (
				D264974D1F79448E004C19A9 /* PBXTargetDependency */,
			);
			name = "krugozor-visitorsAppUITests";
			productName = "krugozor-visitorsAppUITests";
			productReference = D264974B1F79448E004C19A9 /* krugozor-visitorsAppUITests.xctest */;
			productType = "com.apple.product-type.bundle.ui-testing";
		};
/* End PBXNativeTarget section */

/* Begin PBXProject section */
		D26497211F79448D004C19A9 /* Project object */ = {
			isa = PBXProject;
			attributes = {
				LastSwiftUpdateCheck = 0900;
				LastUpgradeCheck = 0900;
				ORGANIZATIONNAME = oneByteCode;
				TargetAttributes = {
					D26497281F79448D004C19A9 = {
						CreatedOnToolsVersion = 9.0;
						ProvisioningStyle = Automatic;
					};
					D264973F1F79448E004C19A9 = {
						CreatedOnToolsVersion = 9.0;
						ProvisioningStyle = Automatic;
						TestTargetID = D26497281F79448D004C19A9;
					};
					D264974A1F79448E004C19A9 = {
						CreatedOnToolsVersion = 9.0;
						ProvisioningStyle = Automatic;
						TestTargetID = D26497281F79448D004C19A9;
					};
				};
			};
			buildConfigurationList = D26497241F79448D004C19A9 /* Build configuration list for PBXProject "krugozor-visitorsApp" */;
			compatibilityVersion = "Xcode 8.0";
			developmentRegion = en;
			hasScannedForEncodings = 0;
			knownRegions = (
				en,
				Base,
			);
			mainGroup = D26497201F79448D004C19A9;
			productRefGroup = D264972A1F79448D004C19A9 /* Products */;
			projectDirPath = "";
			projectRoot = "";
			targets = (
				D26497281F79448D004C19A9 /* krugozor-visitorsApp */,
				D264973F1F79448E004C19A9 /* krugozor-visitorsAppTests */,
				D264974A1F79448E004C19A9 /* krugozor-visitorsAppUITests */,
			);
		};
/* End PBXProject section */

/* Begin PBXResourcesBuildPhase section */
		D26497271F79448D004C19A9 /* Resources */ = {
			isa = PBXResourcesBuildPhase;
			buildActionMask = 2147483647;
			files = (
				52DB78ED1F7D47B000DE44B5 /* OnboardTemplateVC.storyboard in Resources */,
				5209C11E1F7D690C0011B8D8 /* PasswordRepairVC.storyboard in Resources */,
				5209C11A1F7D5F440011B8D8 /* RegistrationVC.storyboard in Resources */,
				52DB78EC1F7D47AC00DE44B5 /* OnboardPageVC.storyboard in Resources */,
				D264973A1F79448D004C19A9 /* LaunchScreen.storyboard in Resources */,
				52DB78EF1F7D4A0300DE44B5 /* LogInVC.storyboard in Resources */,
				D26497371F79448D004C19A9 /* Assets.xcassets in Resources */,
				D26497321F79448D004C19A9 /* Main.storyboard in Resources */,
			);
			runOnlyForDeploymentPostprocessing = 0;
		};
		D264973E1F79448E004C19A9 /* Resources */ = {
			isa = PBXResourcesBuildPhase;
			buildActionMask = 2147483647;
			files = (
			);
			runOnlyForDeploymentPostprocessing = 0;
		};
		D26497491F79448E004C19A9 /* Resources */ = {
			isa = PBXResourcesBuildPhase;
			buildActionMask = 2147483647;
			files = (
			);
			runOnlyForDeploymentPostprocessing = 0;
		};
/* End PBXResourcesBuildPhase section */

/* Begin PBXShellScriptBuildPhase section */
		D264975D1F7944C4004C19A9 /* Build Version Up */ = {
			isa = PBXShellScriptBuildPhase;
			buildActionMask = 2147483647;
			files = (
			);
			inputPaths = (
			);
			name = "Build Version Up";
			outputPaths = (
			);
			runOnlyForDeploymentPostprocessing = 0;
			shellPath = /bin/sh;
			shellScript = "#!/bin/bash\nbN=$(/usr/libexec/PlistBuddy -c \"Print CFBundleVersion\" \"$INFOPLIST_FILE\")\nbN=$(expr $bN + 1)\nbN=$(printf \"%d\" $bN)\n/usr/libexec/PlistBuddy -c \"Set :CFBundleVersion $bN\" \"$INFOPLIST_FILE\"";
		};
/* End PBXShellScriptBuildPhase section */

/* Begin PBXSourcesBuildPhase section */
		D26497251F79448D004C19A9 /* Sources */ = {
			isa = PBXSourcesBuildPhase;
			buildActionMask = 2147483647;
			files = (
<<<<<<< HEAD
				52F53F7B1F7D43460001BA17 /* OnboardPageVC.swift in Sources */,
=======
				80D6912A1F7D595F0011EC9D /* Response.swift in Sources */,
>>>>>>> 1c0861956480693fc2ee0b370541243e35156ed5
				D264972F1F79448D004C19A9 /* ViewController.swift in Sources */,
				5209C11C1F7D68FF0011B8D8 /* PasswordRepairVC.swift in Sources */,
				52F53F801F7D436E0001BA17 /* UIColor+Extension.swift in Sources */,
				5209C1201F7D75F70011B8D8 /* String+Extension.swift in Sources */,
				D264972D1F79448D004C19A9 /* AppDelegate.swift in Sources */,
				80D6912C1F7D5A730011EC9D /* DataTask.swift in Sources */,
				52F3A4261F7ACE1300154DFF /* LogInVC.swift in Sources */,
				5209C1181F7D535C0011B8D8 /* UITextField+Extension.swift in Sources */,
				52F3A4281F7ACE5700154DFF /* RegistrationVC.swift in Sources */,
				803BC1421F7EB8590021FC3B /* UserModule+Sesion.swift in Sources */,
				D294FC981F7BCCEF00828782 /* LandingVC.swift in Sources */,
				52F53F7E1F7D43580001BA17 /* OnboardTemplateVC.swift in Sources */,
				D26497351F79448D004C19A9 /* krugozor_visitorsApp.xcdatamodeld in Sources */,
				80D691281F7D570A0011EC9D /* ResponseError.swift in Sources */,
				80D6912E1F7D5BAA0011EC9D /* TaskPull.swift in Sources */,
			);
			runOnlyForDeploymentPostprocessing = 0;
		};
		D264973C1F79448E004C19A9 /* Sources */ = {
			isa = PBXSourcesBuildPhase;
			buildActionMask = 2147483647;
			files = (
				D294FC991F7BCCEF00828782 /* LandingVC.swift in Sources */,
				D26497451F79448E004C19A9 /* krugozor_visitorsAppTests.swift in Sources */,
			);
			runOnlyForDeploymentPostprocessing = 0;
		};
		D26497471F79448E004C19A9 /* Sources */ = {
			isa = PBXSourcesBuildPhase;
			buildActionMask = 2147483647;
			files = (
				D294FC9A1F7BCCEF00828782 /* LandingVC.swift in Sources */,
				D26497501F79448E004C19A9 /* krugozor_visitorsAppUITests.swift in Sources */,
			);
			runOnlyForDeploymentPostprocessing = 0;
		};
/* End PBXSourcesBuildPhase section */

/* Begin PBXTargetDependency section */
		D26497421F79448E004C19A9 /* PBXTargetDependency */ = {
			isa = PBXTargetDependency;
			target = D26497281F79448D004C19A9 /* krugozor-visitorsApp */;
			targetProxy = D26497411F79448E004C19A9 /* PBXContainerItemProxy */;
		};
		D264974D1F79448E004C19A9 /* PBXTargetDependency */ = {
			isa = PBXTargetDependency;
			target = D26497281F79448D004C19A9 /* krugozor-visitorsApp */;
			targetProxy = D264974C1F79448E004C19A9 /* PBXContainerItemProxy */;
		};
/* End PBXTargetDependency section */

/* Begin PBXVariantGroup section */
		D26497301F79448D004C19A9 /* Main.storyboard */ = {
			isa = PBXVariantGroup;
			children = (
				D26497311F79448D004C19A9 /* Base */,
			);
			name = Main.storyboard;
			sourceTree = "<group>";
		};
		D26497381F79448D004C19A9 /* LaunchScreen.storyboard */ = {
			isa = PBXVariantGroup;
			children = (
				D26497391F79448D004C19A9 /* Base */,
			);
			name = LaunchScreen.storyboard;
			sourceTree = "<group>";
		};
/* End PBXVariantGroup section */

/* Begin XCBuildConfiguration section */
		D26497521F79448E004C19A9 /* Debug */ = {
			isa = XCBuildConfiguration;
			buildSettings = {
				ALWAYS_SEARCH_USER_PATHS = NO;
				CLANG_ANALYZER_NONNULL = YES;
				CLANG_ANALYZER_NUMBER_OBJECT_CONVERSION = YES_AGGRESSIVE;
				CLANG_CXX_LANGUAGE_STANDARD = "gnu++14";
				CLANG_CXX_LIBRARY = "libc++";
				CLANG_ENABLE_MODULES = YES;
				CLANG_ENABLE_OBJC_ARC = YES;
				CLANG_WARN_BLOCK_CAPTURE_AUTORELEASING = YES;
				CLANG_WARN_BOOL_CONVERSION = YES;
				CLANG_WARN_COMMA = YES;
				CLANG_WARN_CONSTANT_CONVERSION = YES;
				CLANG_WARN_DIRECT_OBJC_ISA_USAGE = YES_ERROR;
				CLANG_WARN_DOCUMENTATION_COMMENTS = YES;
				CLANG_WARN_EMPTY_BODY = YES;
				CLANG_WARN_ENUM_CONVERSION = YES;
				CLANG_WARN_INFINITE_RECURSION = YES;
				CLANG_WARN_INT_CONVERSION = YES;
				CLANG_WARN_NON_LITERAL_NULL_CONVERSION = YES;
				CLANG_WARN_OBJC_LITERAL_CONVERSION = YES;
				CLANG_WARN_OBJC_ROOT_CLASS = YES_ERROR;
				CLANG_WARN_RANGE_LOOP_ANALYSIS = YES;
				CLANG_WARN_STRICT_PROTOTYPES = YES;
				CLANG_WARN_SUSPICIOUS_MOVE = YES;
				CLANG_WARN_UNGUARDED_AVAILABILITY = YES_AGGRESSIVE;
				CLANG_WARN_UNREACHABLE_CODE = YES;
				CLANG_WARN__DUPLICATE_METHOD_MATCH = YES;
				CODE_SIGN_IDENTITY = "iPhone Developer";
				COPY_PHASE_STRIP = NO;
				DEBUG_INFORMATION_FORMAT = dwarf;
				ENABLE_STRICT_OBJC_MSGSEND = YES;
				ENABLE_TESTABILITY = YES;
				GCC_C_LANGUAGE_STANDARD = gnu11;
				GCC_DYNAMIC_NO_PIC = NO;
				GCC_NO_COMMON_BLOCKS = YES;
				GCC_OPTIMIZATION_LEVEL = 0;
				GCC_PREPROCESSOR_DEFINITIONS = (
					"DEBUG=1",
					"$(inherited)",
				);
				GCC_WARN_64_TO_32_BIT_CONVERSION = YES;
				GCC_WARN_ABOUT_RETURN_TYPE = YES_ERROR;
				GCC_WARN_UNDECLARED_SELECTOR = YES;
				GCC_WARN_UNINITIALIZED_AUTOS = YES_AGGRESSIVE;
				GCC_WARN_UNUSED_FUNCTION = YES;
				GCC_WARN_UNUSED_VARIABLE = YES;
				IPHONEOS_DEPLOYMENT_TARGET = 11.0;
				MTL_ENABLE_DEBUG_INFO = YES;
				ONLY_ACTIVE_ARCH = YES;
				SDKROOT = iphoneos;
				SWIFT_ACTIVE_COMPILATION_CONDITIONS = DEBUG;
				SWIFT_OPTIMIZATION_LEVEL = "-Onone";
			};
			name = Debug;
		};
		D26497531F79448E004C19A9 /* Release */ = {
			isa = XCBuildConfiguration;
			buildSettings = {
				ALWAYS_SEARCH_USER_PATHS = NO;
				CLANG_ANALYZER_NONNULL = YES;
				CLANG_ANALYZER_NUMBER_OBJECT_CONVERSION = YES_AGGRESSIVE;
				CLANG_CXX_LANGUAGE_STANDARD = "gnu++14";
				CLANG_CXX_LIBRARY = "libc++";
				CLANG_ENABLE_MODULES = YES;
				CLANG_ENABLE_OBJC_ARC = YES;
				CLANG_WARN_BLOCK_CAPTURE_AUTORELEASING = YES;
				CLANG_WARN_BOOL_CONVERSION = YES;
				CLANG_WARN_COMMA = YES;
				CLANG_WARN_CONSTANT_CONVERSION = YES;
				CLANG_WARN_DIRECT_OBJC_ISA_USAGE = YES_ERROR;
				CLANG_WARN_DOCUMENTATION_COMMENTS = YES;
				CLANG_WARN_EMPTY_BODY = YES;
				CLANG_WARN_ENUM_CONVERSION = YES;
				CLANG_WARN_INFINITE_RECURSION = YES;
				CLANG_WARN_INT_CONVERSION = YES;
				CLANG_WARN_NON_LITERAL_NULL_CONVERSION = YES;
				CLANG_WARN_OBJC_LITERAL_CONVERSION = YES;
				CLANG_WARN_OBJC_ROOT_CLASS = YES_ERROR;
				CLANG_WARN_RANGE_LOOP_ANALYSIS = YES;
				CLANG_WARN_STRICT_PROTOTYPES = YES;
				CLANG_WARN_SUSPICIOUS_MOVE = YES;
				CLANG_WARN_UNGUARDED_AVAILABILITY = YES_AGGRESSIVE;
				CLANG_WARN_UNREACHABLE_CODE = YES;
				CLANG_WARN__DUPLICATE_METHOD_MATCH = YES;
				CODE_SIGN_IDENTITY = "iPhone Developer";
				COPY_PHASE_STRIP = NO;
				DEBUG_INFORMATION_FORMAT = "dwarf-with-dsym";
				ENABLE_NS_ASSERTIONS = NO;
				ENABLE_STRICT_OBJC_MSGSEND = YES;
				GCC_C_LANGUAGE_STANDARD = gnu11;
				GCC_NO_COMMON_BLOCKS = YES;
				GCC_WARN_64_TO_32_BIT_CONVERSION = YES;
				GCC_WARN_ABOUT_RETURN_TYPE = YES_ERROR;
				GCC_WARN_UNDECLARED_SELECTOR = YES;
				GCC_WARN_UNINITIALIZED_AUTOS = YES_AGGRESSIVE;
				GCC_WARN_UNUSED_FUNCTION = YES;
				GCC_WARN_UNUSED_VARIABLE = YES;
				IPHONEOS_DEPLOYMENT_TARGET = 11.0;
				MTL_ENABLE_DEBUG_INFO = NO;
				SDKROOT = iphoneos;
				SWIFT_OPTIMIZATION_LEVEL = "-Owholemodule";
				VALIDATE_PRODUCT = YES;
			};
			name = Release;
		};
		D26497551F79448E004C19A9 /* Debug */ = {
			isa = XCBuildConfiguration;
			buildSettings = {
				ASSETCATALOG_COMPILER_APPICON_NAME = AppIcon;
				CODE_SIGN_STYLE = Automatic;
				DEVELOPMENT_TEAM = 3PTYV272Z4;
				INFOPLIST_FILE = "krugozor-visitorsApp/Info.plist";
				IPHONEOS_DEPLOYMENT_TARGET = 10.0;
				LD_RUNPATH_SEARCH_PATHS = "$(inherited) @executable_path/Frameworks";
				PRODUCT_BUNDLE_IDENTIFIER = "onebytecode.krugozor-visitorsApp";
				PRODUCT_NAME = "$(TARGET_NAME)";
				SWIFT_VERSION = 4.0;
				TARGETED_DEVICE_FAMILY = "1,2";
			};
			name = Debug;
		};
		D26497561F79448E004C19A9 /* Release */ = {
			isa = XCBuildConfiguration;
			buildSettings = {
				ASSETCATALOG_COMPILER_APPICON_NAME = AppIcon;
				CODE_SIGN_STYLE = Automatic;
				DEVELOPMENT_TEAM = 3PTYV272Z4;
				INFOPLIST_FILE = "krugozor-visitorsApp/Info.plist";
				IPHONEOS_DEPLOYMENT_TARGET = 10.0;
				LD_RUNPATH_SEARCH_PATHS = "$(inherited) @executable_path/Frameworks";
				PRODUCT_BUNDLE_IDENTIFIER = "onebytecode.krugozor-visitorsApp";
				PRODUCT_NAME = "$(TARGET_NAME)";
				SWIFT_VERSION = 4.0;
				TARGETED_DEVICE_FAMILY = "1,2";
			};
			name = Release;
		};
		D26497581F79448E004C19A9 /* Debug */ = {
			isa = XCBuildConfiguration;
			buildSettings = {
				ALWAYS_EMBED_SWIFT_STANDARD_LIBRARIES = YES;
				BUNDLE_LOADER = "$(TEST_HOST)";
				CODE_SIGN_STYLE = Automatic;
				DEVELOPMENT_TEAM = 8953S4D45L;
				INFOPLIST_FILE = "krugozor-visitorsAppTests/Info.plist";
				LD_RUNPATH_SEARCH_PATHS = "$(inherited) @executable_path/Frameworks @loader_path/Frameworks";
				PRODUCT_BUNDLE_IDENTIFIER = "onebytecode.krugozor-visitorsAppTests";
				PRODUCT_NAME = "$(TARGET_NAME)";
				SWIFT_VERSION = 4.0;
				TARGETED_DEVICE_FAMILY = "1,2";
				TEST_HOST = "$(BUILT_PRODUCTS_DIR)/krugozor-visitorsApp.app/krugozor-visitorsApp";
			};
			name = Debug;
		};
		D26497591F79448E004C19A9 /* Release */ = {
			isa = XCBuildConfiguration;
			buildSettings = {
				ALWAYS_EMBED_SWIFT_STANDARD_LIBRARIES = YES;
				BUNDLE_LOADER = "$(TEST_HOST)";
				CODE_SIGN_STYLE = Automatic;
				DEVELOPMENT_TEAM = 8953S4D45L;
				INFOPLIST_FILE = "krugozor-visitorsAppTests/Info.plist";
				LD_RUNPATH_SEARCH_PATHS = "$(inherited) @executable_path/Frameworks @loader_path/Frameworks";
				PRODUCT_BUNDLE_IDENTIFIER = "onebytecode.krugozor-visitorsAppTests";
				PRODUCT_NAME = "$(TARGET_NAME)";
				SWIFT_VERSION = 4.0;
				TARGETED_DEVICE_FAMILY = "1,2";
				TEST_HOST = "$(BUILT_PRODUCTS_DIR)/krugozor-visitorsApp.app/krugozor-visitorsApp";
			};
			name = Release;
		};
		D264975B1F79448E004C19A9 /* Debug */ = {
			isa = XCBuildConfiguration;
			buildSettings = {
				ALWAYS_EMBED_SWIFT_STANDARD_LIBRARIES = YES;
				CODE_SIGN_STYLE = Automatic;
				DEVELOPMENT_TEAM = 8953S4D45L;
				INFOPLIST_FILE = "krugozor-visitorsAppUITests/Info.plist";
				LD_RUNPATH_SEARCH_PATHS = "$(inherited) @executable_path/Frameworks @loader_path/Frameworks";
				PRODUCT_BUNDLE_IDENTIFIER = "onebytecode.krugozor-visitorsAppUITests";
				PRODUCT_NAME = "$(TARGET_NAME)";
				SWIFT_VERSION = 4.0;
				TARGETED_DEVICE_FAMILY = "1,2";
				TEST_TARGET_NAME = "krugozor-visitorsApp";
			};
			name = Debug;
		};
		D264975C1F79448E004C19A9 /* Release */ = {
			isa = XCBuildConfiguration;
			buildSettings = {
				ALWAYS_EMBED_SWIFT_STANDARD_LIBRARIES = YES;
				CODE_SIGN_STYLE = Automatic;
				DEVELOPMENT_TEAM = 8953S4D45L;
				INFOPLIST_FILE = "krugozor-visitorsAppUITests/Info.plist";
				LD_RUNPATH_SEARCH_PATHS = "$(inherited) @executable_path/Frameworks @loader_path/Frameworks";
				PRODUCT_BUNDLE_IDENTIFIER = "onebytecode.krugozor-visitorsAppUITests";
				PRODUCT_NAME = "$(TARGET_NAME)";
				SWIFT_VERSION = 4.0;
				TARGETED_DEVICE_FAMILY = "1,2";
				TEST_TARGET_NAME = "krugozor-visitorsApp";
			};
			name = Release;
		};
/* End XCBuildConfiguration section */

/* Begin XCConfigurationList section */
		D26497241F79448D004C19A9 /* Build configuration list for PBXProject "krugozor-visitorsApp" */ = {
			isa = XCConfigurationList;
			buildConfigurations = (
				D26497521F79448E004C19A9 /* Debug */,
				D26497531F79448E004C19A9 /* Release */,
			);
			defaultConfigurationIsVisible = 0;
			defaultConfigurationName = Release;
		};
		D26497541F79448E004C19A9 /* Build configuration list for PBXNativeTarget "krugozor-visitorsApp" */ = {
			isa = XCConfigurationList;
			buildConfigurations = (
				D26497551F79448E004C19A9 /* Debug */,
				D26497561F79448E004C19A9 /* Release */,
			);
			defaultConfigurationIsVisible = 0;
			defaultConfigurationName = Release;
		};
		D26497571F79448E004C19A9 /* Build configuration list for PBXNativeTarget "krugozor-visitorsAppTests" */ = {
			isa = XCConfigurationList;
			buildConfigurations = (
				D26497581F79448E004C19A9 /* Debug */,
				D26497591F79448E004C19A9 /* Release */,
			);
			defaultConfigurationIsVisible = 0;
			defaultConfigurationName = Release;
		};
		D264975A1F79448E004C19A9 /* Build configuration list for PBXNativeTarget "krugozor-visitorsAppUITests" */ = {
			isa = XCConfigurationList;
			buildConfigurations = (
				D264975B1F79448E004C19A9 /* Debug */,
				D264975C1F79448E004C19A9 /* Release */,
			);
			defaultConfigurationIsVisible = 0;
			defaultConfigurationName = Release;
		};
/* End XCConfigurationList section */

/* Begin XCVersionGroup section */
		D26497331F79448D004C19A9 /* krugozor_visitorsApp.xcdatamodeld */ = {
			isa = XCVersionGroup;
			children = (
				D26497341F79448D004C19A9 /* krugozor_visitorsApp.xcdatamodel */,
			);
			currentVersion = D26497341F79448D004C19A9 /* krugozor_visitorsApp.xcdatamodel */;
			path = krugozor_visitorsApp.xcdatamodeld;
			sourceTree = "<group>";
			versionGroupType = wrapper.xcdatamodel;
		};
/* End XCVersionGroup section */
	};
	rootObject = D26497211F79448D004C19A9 /* Project object */;
}
